
Microsoft Visual Studio Solution File, Format Version 12.00
# Visual Studio Version 16
VisualStudioVersion = 16.0.31624.102
MinimumVisualStudioVersion = 10.0.40219.1
Project("{FAE04EC0-301F-11D3-BF4B-00C04F79EFBC}") = "RentACar", "RentACar\RentACar.csproj", "{0679669C-D389-4CCF-8526-FD4D987111DB}"
EndProject
Global
	GlobalSection(SolutionConfigurationPlatforms) = preSolution
		Debug|Any CPU = Debug|Any CPU
		Release|Any CPU = Release|Any CPU
	EndGlobalSection
	GlobalSection(ProjectConfigurationPlatforms) = postSolution
		{0679669C-D389-4CCF-8526-FD4D987111DB}.Debug|Any CPU.ActiveCfg = Debug|Any CPU
		{0679669C-D389-4CCF-8526-FD4D987111DB}.Debug|Any CPU.Build.0 = Debug|Any CPU
		{0679669C-D389-4CCF-8526-FD4D987111DB}.Release|Any CPU.ActiveCfg = Release|Any CPU
		{0679669C-D389-4CCF-8526-FD4D987111DB}.Release|Any CPU.Build.0 = Release|Any CPU
	EndGlobalSection
	GlobalSection(SolutionProperties) = preSolution
		HideSolutionNode = FALSE
	EndGlobalSection
	GlobalSection(ExtensibilityGlobals) = postSolution
		SolutionGuid = {53242C93-7108-4046-A106-DC31979459C6}
	EndGlobalSection
EndGlobal
